
Microsoft Visual Studio Solution File, Format Version 12.00
# Visual Studio Version 17
VisualStudioVersion = 17.11.35327.3
MinimumVisualStudioVersion = 10.0.40219.1
Project("{F184B08F-C81C-45F6-A57F-5ABD9991F28F}") = "Tabuniar FTEProblem 1", "Tabuniar FTEProblem 1\Tabuniar FTEProblem 1.vbproj", "{AE250D16-5E79-42DA-9EF5-30FE178017FF}"
EndProject
Global
	GlobalSection(SolutionConfigurationPlatforms) = preSolution
		Debug|Any CPU = Debug|Any CPU
		Release|Any CPU = Release|Any CPU
	EndGlobalSection
	GlobalSection(ProjectConfigurationPlatforms) = postSolution
		{AE250D16-5E79-42DA-9EF5-30FE178017FF}.Debug|Any CPU.ActiveCfg = Debug|Any CPU
		{AE250D16-5E79-42DA-9EF5-30FE178017FF}.Debug|Any CPU.Build.0 = Debug|Any CPU
		{AE250D16-5E79-42DA-9EF5-30FE178017FF}.Release|Any CPU.ActiveCfg = Release|Any CPU
		{AE250D16-5E79-42DA-9EF5-30FE178017FF}.Release|Any CPU.Build.0 = Release|Any CPU
	EndGlobalSection
	GlobalSection(SolutionProperties) = preSolution
		HideSolutionNode = FALSE
	EndGlobalSection
	GlobalSection(ExtensibilityGlobals) = postSolution
		SolutionGuid = {6CDDEA2B-8F15-45D7-ADEB-9C2FD324B081}
	EndGlobalSection
EndGlobal
